
Microsoft Visual Studio Solution File, Format Version 12.00
# Visual Studio 15
VisualStudioVersion = 15.0.28307.1321
MinimumVisualStudioVersion = 10.0.40219.1
Project("{FAE04EC0-301F-11D3-BF4B-00C04F79EFBC}") = "NAV Net Filter", "NAV Net Filter\NAV Net Filter.csproj", "{99D1B94B-2B4D-47F6-A744-7BDD0298C689}"
EndProject
Project("{8BC9CEB8-8B4A-11D0-8D11-00A0C91BC942}") = "NAV Tests", "NAV Tests\NAV Tests.vcxproj", "{3F42B5D7-5CC7-4D9F-A113-102E0468815F}"
EndProject
Global
	GlobalSection(SolutionConfigurationPlatforms) = preSolution
		Debug|Any CPU = Debug|Any CPU
		Debug|x64 = Debug|x64
		Debug|x86 = Debug|x86
		Release|Any CPU = Release|Any CPU
		Release|x64 = Release|x64
		Release|x86 = Release|x86
	EndGlobalSection
	GlobalSection(ProjectConfigurationPlatforms) = postSolution
		{99D1B94B-2B4D-47F6-A744-7BDD0298C689}.Debug|Any CPU.ActiveCfg = Debug|Any CPU
		{99D1B94B-2B4D-47F6-A744-7BDD0298C689}.Debug|Any CPU.Build.0 = Debug|Any CPU
		{99D1B94B-2B4D-47F6-A744-7BDD0298C689}.Debug|x64.ActiveCfg = Debug|Any CPU
		{99D1B94B-2B4D-47F6-A744-7BDD0298C689}.Debug|x64.Build.0 = Debug|Any CPU
		{99D1B94B-2B4D-47F6-A744-7BDD0298C689}.Debug|x86.ActiveCfg = Debug|Any CPU
		{99D1B94B-2B4D-47F6-A744-7BDD0298C689}.Debug|x86.Build.0 = Debug|Any CPU
		{99D1B94B-2B4D-47F6-A744-7BDD0298C689}.Release|Any CPU.ActiveCfg = Release|Any CPU
		{99D1B94B-2B4D-47F6-A744-7BDD0298C689}.Release|Any CPU.Build.0 = Release|Any CPU
		{99D1B94B-2B4D-47F6-A744-7BDD0298C689}.Release|x64.ActiveCfg = Release|Any CPU
		{99D1B94B-2B4D-47F6-A744-7BDD0298C689}.Release|x64.Build.0 = Release|Any CPU
		{99D1B94B-2B4D-47F6-A744-7BDD0298C689}.Release|x86.ActiveCfg = Release|Any CPU
		{99D1B94B-2B4D-47F6-A744-7BDD0298C689}.Release|x86.Build.0 = Release|Any CPU
		{3F42B5D7-5CC7-4D9F-A113-102E0468815F}.Debug|Any CPU.ActiveCfg = Debug|x64
		{3F42B5D7-5CC7-4D9F-A113-102E0468815F}.Debug|Any CPU.Build.0 = Debug|x64
		{3F42B5D7-5CC7-4D9F-A113-102E0468815F}.Debug|x64.ActiveCfg = Debug|x64
		{3F42B5D7-5CC7-4D9F-A113-102E0468815F}.Debug|x64.Build.0 = Debug|x64
		{3F42B5D7-5CC7-4D9F-A113-102E0468815F}.Debug|x86.ActiveCfg = Debug|Win32
		{3F42B5D7-5CC7-4D9F-A113-102E0468815F}.Debug|x86.Build.0 = Debug|Win32
		{3F42B5D7-5CC7-4D9F-A113-102E0468815F}.Release|Any CPU.ActiveCfg = Release|Win32
		{3F42B5D7-5CC7-4D9F-A113-102E0468815F}.Release|x64.ActiveCfg = Release|x64
		{3F42B5D7-5CC7-4D9F-A113-102E0468815F}.Release|x64.Build.0 = Release|x64
		{3F42B5D7-5CC7-4D9F-A113-102E0468815F}.Release|x86.ActiveCfg = Release|Win32
		{3F42B5D7-5CC7-4D9F-A113-102E0468815F}.Release|x86.Build.0 = Release|Win32
	EndGlobalSection
	GlobalSection(SolutionProperties) = preSolution
		HideSolutionNode = FALSE
	EndGlobalSection
	GlobalSection(ExtensibilityGlobals) = postSolution
		SolutionGuid = {E986E45C-765E-459B-8600-F7C46E08F258}
	EndGlobalSection
EndGlobal
