<?xml version="1.0" encoding="utf-8"?>
<Project ToolsVersion="4.0" xmlns="http://schemas.microsoft.com/developer/msbuild/2003">
  <ItemGroup>
    <Filter Include="Source Files">
      <UniqueIdentifier>{4FC737F1-C7A5-4376-A066-2A32D752A2FF}</UniqueIdentifier>
      <Extensions>cpp;c;cc;cxx;def;odl;idl;hpj;bat;asm;asmx</Extensions>
    </Filter>
    <Filter Include="Header Files">
      <UniqueIdentifier>{93995380-89BD-4b04-88EB-625FBE52EBFB}</UniqueIdentifier>
      <Extensions>h;hh;hpp;hxx;hm;inl;inc;ipp;xsd</Extensions>
    </Filter>
    <Filter Include="Resource Files">
      <UniqueIdentifier>{67DA6AB6-F800-4c08-8B7A-83BB121AAD01}</UniqueIdentifier>
      <Extensions>rc;ico;cur;bmp;dlg;rc2;rct;bin;rgs;gif;jpg;jpeg;jpe;resx;tiff;tif;png;wav;mfcribbon-ms</Extensions>
    </Filter>
    <Filter Include="Header Files\nav">
      <UniqueIdentifier>{e23aa0dd-e103-4e87-9bfa-48e1ccf42709}</UniqueIdentifier>
    </Filter>
    <Filter Include="Header Files\nav\base">
      <UniqueIdentifier>{85611597-c65b-44de-85d9-66b372c4bddc}</UniqueIdentifier>
    </Filter>
  </ItemGroup>
  <ItemGroup>
    <ClCompile Include="NAV Tests.cpp">
      <Filter>Source Files</Filter>
    </ClCompile>
    <ClCompile Include="nav\base\handles.cpp">
      <Filter>Header Files\nav\base</Filter>
    </ClCompile>
    <ClCompile Include="nav\base\memory.cpp">
      <Filter>Header Files\nav\base</Filter>
    </ClCompile>
    <ClCompile Include="nav\base\privileges.cpp">
      <Filter>Header Files\nav\base</Filter>
    </ClCompile>
    <ClCompile Include="nav\base\protection.cpp">
      <Filter>Header Files\nav\base</Filter>
    </ClCompile>
    <ClCompile Include="nav\base\service.cpp">
      <Filter>Header Files\nav\base</Filter>
    </ClCompile>
    <ClCompile Include="nav\base\syscall.cpp">
      <Filter>Header Files\nav\base</Filter>
    </ClCompile>
    <ClCompile Include="nav\base\winapi.cpp">
      <Filter>Header Files\nav\base</Filter>
    </ClCompile>
    <ClCompile Include="nav\base\minifilters.cpp">
      <Filter>Header Files\nav\base</Filter>
    </ClCompile>
    <ClCompile Include="nav\base\hook.cpp">
      <Filter>Header Files\nav\base</Filter>
    </ClCompile>
  </ItemGroup>
  <ItemGroup>
    <ClInclude Include="nav\base\handles.h">
      <Filter>Header Files\nav\base</Filter>
    </ClInclude>
    <ClInclude Include="nav\base\memory.h">
      <Filter>Header Files\nav\base</Filter>
    </ClInclude>
    <ClInclude Include="nav\base\privileges.h">
      <Filter>Header Files\nav\base</Filter>
    </ClInclude>
    <ClInclude Include="nav\base\protection.h">
      <Filter>Header Files\nav\base</Filter>
    </ClInclude>
    <ClInclude Include="nav\base\service.h">
      <Filter>Header Files\nav\base</Filter>
    </ClInclude>
    <ClInclude Include="nav\base\status.h">
      <Filter>Header Files\nav\base</Filter>
    </ClInclude>
    <ClInclude Include="nav\base\syscall.h">
      <Filter>Header Files\nav\base</Filter>
    </ClInclude>
    <ClInclude Include="nav\base\winapi.h">
      <Filter>Header Files\nav\base</Filter>
    </ClInclude>
    <ClInclude Include="nav\base\minifilters.h">
      <Filter>Header Files\nav\base</Filter>
    </ClInclude>
    <ClInclude Include="nav\base\hook.h">
      <Filter>Header Files\nav\base</Filter>
    </ClInclude>
  </ItemGroup>
  <ItemGroup>
    <None Include="packages.config" />
  </ItemGroup>
</Project>